
Microsoft Visual Studio Solution File, Format Version 12.00
# Visual Studio Version 17
VisualStudioVersion = 17.0.32014.148
MinimumVisualStudioVersion = 10.0.40219.1
Project("{9A19103F-16F7-4668-BE54-9A1E7A4F7556}") = "LimitedPower.DraftHelperSync", "LimitedPower.DraftHelperSync.csproj", "{285F4BDE-5889-49B6-8AD2-92AA30151BEF}"
EndProject
Project("{2150E333-8FDC-42A3-9474-1A3956D46DE8}") = "Docs", "Docs", "{3E53DBC2-C768-45E7-9463-407775EF5184}"
	ProjectSection(SolutionItems) = preProject
		..\LICENSE = ..\LICENSE
		..\README.md = ..\README.md
	EndProjectSection
EndProject
Project("{9A19103F-16F7-4668-BE54-9A1E7A4F7556}") = "LimitedPower.Tool", "..\..\LimitedPower\LimitedPower.Tool\LimitedPower.Tool.csproj", "{230B2029-9863-4FAD-91C4-E21653C7686C}"
EndProject
Project("{9A19103F-16F7-4668-BE54-9A1E7A4F7556}") = "LimitedPower.Core", "..\..\LimitedPower\LimitedPower.Core\LimitedPower.Core.csproj", "{5E93C5B8-057E-4326-BDFB-BBE3ABA44CDE}"
EndProject
Global
	GlobalSection(SolutionConfigurationPlatforms) = preSolution
		Debug|Any CPU = Debug|Any CPU
		Release|Any CPU = Release|Any CPU
	EndGlobalSection
	GlobalSection(ProjectConfigurationPlatforms) = postSolution
		{285F4BDE-5889-49B6-8AD2-92AA30151BEF}.Debug|Any CPU.ActiveCfg = Debug|Any CPU
		{285F4BDE-5889-49B6-8AD2-92AA30151BEF}.Debug|Any CPU.Build.0 = Debug|Any CPU
		{285F4BDE-5889-49B6-8AD2-92AA30151BEF}.Release|Any CPU.ActiveCfg = Release|Any CPU
		{285F4BDE-5889-49B6-8AD2-92AA30151BEF}.Release|Any CPU.Build.0 = Release|Any CPU
		{230B2029-9863-4FAD-91C4-E21653C7686C}.Debug|Any CPU.ActiveCfg = Debug|Any CPU
		{230B2029-9863-4FAD-91C4-E21653C7686C}.Debug|Any CPU.Build.0 = Debug|Any CPU
		{230B2029-9863-4FAD-91C4-E21653C7686C}.Release|Any CPU.ActiveCfg = Release|Any CPU
		{230B2029-9863-4FAD-91C4-E21653C7686C}.Release|Any CPU.Build.0 = Release|Any CPU
		{5E93C5B8-057E-4326-BDFB-BBE3ABA44CDE}.Debug|Any CPU.ActiveCfg = Debug|Any CPU
		{5E93C5B8-057E-4326-BDFB-BBE3ABA44CDE}.Debug|Any CPU.Build.0 = Debug|Any CPU
		{5E93C5B8-057E-4326-BDFB-BBE3ABA44CDE}.Release|Any CPU.ActiveCfg = Release|Any CPU
		{5E93C5B8-057E-4326-BDFB-BBE3ABA44CDE}.Release|Any CPU.Build.0 = Release|Any CPU
	EndGlobalSection
	GlobalSection(SolutionProperties) = preSolution
		HideSolutionNode = FALSE
	EndGlobalSection
	GlobalSection(ExtensibilityGlobals) = postSolution
		SolutionGuid = {98AF9CA0-AE91-40D3-A8A5-99AABC92721C}
	EndGlobalSection
EndGlobal
