
Microsoft Visual Studio Solution File, Format Version 12.00
# Visual Studio Version 16
VisualStudioVersion = 16.0.31702.278
MinimumVisualStudioVersion = 10.0.40219.1
Project("{9A19103F-16F7-4668-BE54-9A1E7A4F7556}") = "LimitedPower.DraftHelperSync", "LimitedPower.DraftHelperSync.csproj", "{285F4BDE-5889-49B6-8AD2-92AA30151BEF}"
EndProject
Global
	GlobalSection(SolutionConfigurationPlatforms) = preSolution
		Debug|Any CPU = Debug|Any CPU
		Release|Any CPU = Release|Any CPU
	EndGlobalSection
	GlobalSection(ProjectConfigurationPlatforms) = postSolution
		{285F4BDE-5889-49B6-8AD2-92AA30151BEF}.Debug|Any CPU.ActiveCfg = Debug|Any CPU
		{285F4BDE-5889-49B6-8AD2-92AA30151BEF}.Debug|Any CPU.Build.0 = Debug|Any CPU
		{285F4BDE-5889-49B6-8AD2-92AA30151BEF}.Release|Any CPU.ActiveCfg = Release|Any CPU
		{285F4BDE-5889-49B6-8AD2-92AA30151BEF}.Release|Any CPU.Build.0 = Release|Any CPU
	EndGlobalSection
	GlobalSection(SolutionProperties) = preSolution
		HideSolutionNode = FALSE
	EndGlobalSection
	GlobalSection(ExtensibilityGlobals) = postSolution
		SolutionGuid = {98AF9CA0-AE91-40D3-A8A5-99AABC92721C}
	EndGlobalSection
EndGlobal
